{
  "version": "5",
  "specifiers": {
    "jsr:@std/assert@1": "1.0.13",
    "jsr:@std/internal@^1.0.6": "1.0.10",
    "npm:@types/node@*": "22.15.15"
  },
  "jsr": {
    "@std/assert@1.0.13": {
      "integrity": "ae0d31e41919b12c656c742b22522c32fb26ed0cba32975cb0de2a273cb68b29",
      "dependencies": [
        "jsr:@std/internal"
      ]
    },
    "@std/internal@1.0.10": {
      "integrity": "e3be62ce42cab0e177c27698e5d9800122f67b766a0bea6ca4867886cbde8cf7"
    }
  },
  "npm": {
    "@types/node@22.15.15": {
      "integrity": "sha512-R5muMcZob3/Jjchn5LcO8jdKwSCbzqmPB6ruBxMcf9kbxtniZHP327s6C37iOfuw8mbKK3cAQa7sEl7afLrQ8A==",
      "dependencies": [
        "undici-types"
      ]
    },
    "undici-types@6.21.0": {
      "integrity": "sha512-iwDZqg0QAGrg9Rav5H4n0M64c3mkR59cJ6wQp+7C4nI0gsmExaedaYLNO44eT4AtBBwjbTiGPMlt2Md0T9H9JQ=="
    }
  },
  "redirects": {
    "https://esm.sh/fp-ts@^2.5.0/es6/Either?target=denonext": "https://esm.sh/fp-ts@2.16.10/es6/Either?target=denonext",
    "https://esm.sh/fp-ts@^2.5.0/lib/Either?target=denonext": "https://esm.sh/fp-ts@2.16.10/lib/Either?target=denonext",
    "https://esm.sh/io-ts@^2.2.22/lib/PathReporter?target=denonext": "https://esm.sh/io-ts@2.2.22/lib/PathReporter?target=denonext",
    "https://esm.sh/io-ts@^2.2.22?target=denonext": "https://esm.sh/io-ts@2.2.22?target=denonext"
  },
  "remote": {
    "https://esm.sh/fp-ts@2.16.10/denonext/es6/Either.mjs": "5938b0979f0bfb8359212be1db6858a083ca9ec9e4d8bc6d69474ba3152b3a55",
    "https://esm.sh/fp-ts@2.16.10/denonext/lib/Either.mjs": "82adaeb5388a46a630fb6d0e4a644a211cfc9c026000de9408e2cac105e76cd7",
    "https://esm.sh/fp-ts@2.16.10/es6/Either?target=denonext": "fa996436f0a7426e78b1fac4cdfe1eaadf1d1430ec1cec9c4fef036504b30caf",
    "https://esm.sh/fp-ts@2.16.10/lib/Either?target=denonext": "c67d5cd4716e62a66878196a6be96bc61fb2d7502d08db50d17981f907ccdc30",
    "https://esm.sh/io-ts@2.2.22/denonext/io-ts.mjs": "00af6a23053420731915c99166dee116fa5f1b353e4b0a0921328692d160dfc5",
    "https://esm.sh/io-ts@2.2.22/denonext/lib/PathReporter.mjs": "aa9f7183b129dbb0560ba5cdf75ff652db21442e526e62528b84af36309798b9",
    "https://esm.sh/io-ts@2.2.22/lib/PathReporter?target=denonext": "28da510e49a1e95318e0788723200af044a96e3ebafa47fa06a5fb442bacc07b",
    "https://esm.sh/io-ts@2.2.22?target=denonext": "a7a597df510bc3a929f9c376ab3eea56fc708e9c1e113ad8cbfbc572db123b0b",
    "https://esm.sh/molstar@5.0.0-dev.1/denonext/lib/extensions/mvs/mvs-data.mjs": "ac3a3b5fee762f57a9a50632a20d8c59c74ba54a5102e6ae009c85987eb9d21b",
    "https://esm.sh/molstar@5.0.0-dev.1/denonext/lib/mol-data/util.mjs": "ec2bd7ec951bd3bfe231ff8bc87d790e9b522819ce81244004af9aa903d1a1cc",
    "https://esm.sh/molstar@5.0.0-dev.1/denonext/lib/mol-math/linear-algebra.mjs": "3471ba2aa46ec5acb2f2f70f478f775e068503f3277bb28a0e64de44acebfefe",
    "https://esm.sh/molstar@5.0.0-dev.1/denonext/lib/mol-math/linear-algebra/3d/vec3.mjs": "d5f0ecd64e70e884decd3e337d091bf621e4b3ec0c857a123bf3ea86824e53f2",
    "https://esm.sh/molstar@5.0.0-dev.1/denonext/lib/mol-util/zip/zip.mjs": "0709b16219b5fcd4db6cdf2808a2c45463417c268c891f38e26de5c0da74f960",
    "https://esm.sh/molstar@5.0.0-dev.1/lib/extensions/mvs/mvs-data": "176124860657e0945116b671359276415011fececfdebe29ee9ea5bea1d728f0",
    "https://esm.sh/molstar@5.0.0-dev.1/lib/mol-math/linear-algebra/3d/vec3": "8577ddd679aa24ccc6d31d59e09d7a690fff61cbec91cdfb99ea986cbc739796",
    "https://esm.sh/molstar@5.0.0-dev.1/lib/mol-util/zip/zip": "be89298d11c4e76959e6a8b43dcbacdf5e531ebcaae3d2343071f47cb2bddd08"
  },
  "workspace": {
    "dependencies": [
      "jsr:@std/assert@1"
    ]
  }
}
